<Solution>
  <Folder Name="/Aspire/">
    <Project Path="src/Aspire/Edvantix.Aspire/Edvantix.Aspire.csproj" />
    <Project Path="src/Aspire/Edvantix.ServiceDefaults/Edvantix.ServiceDefaults.csproj" />
  </Folder>
  <Folder Name="/BuildingBlocks/">
    <Project Path="src/BuildingBlocks/Edvantix.Chassis/Edvantix.Chassis.csproj" />
    <Project Path="src/BuildingBlocks/Edvantix.Constants/Edvantix.Constants.csproj" />
    <Project Path="src/BuildingBlocks/Edvantix.SharedKernel/Edvantix.SharedKernel.csproj" />
  </Folder>
  <Folder Name="/Frontend/">
    <File Path="src/frontend/.gitignore" />
    <File Path="src/frontend/.npmrc" />
    <File Path="src/frontend/apps/docs/.gitignore" />
    <File Path="src/frontend/apps/docs/app/favicon.ico" />
    <File Path="src/frontend/apps/docs/app/fonts/GeistMonoVF.woff" />
    <File Path="src/frontend/apps/docs/app/fonts/GeistVF.woff" />
    <File Path="src/frontend/apps/docs/app/globals.css" />
    <File Path="src/frontend/apps/docs/app/layout.tsx" />
    <File Path="src/frontend/apps/docs/app/page.module.css" />
    <File Path="src/frontend/apps/docs/app/page.tsx" />
    <File Path="src/frontend/apps/docs/eslint.config.js" />
    <File Path="src/frontend/apps/docs/next-env.d.ts" />
    <File Path="src/frontend/apps/docs/next.config.js" />
    <File Path="src/frontend/apps/docs/package.json" />
    <File Path="src/frontend/apps/docs/public/file-text.svg" />
    <File Path="src/frontend/apps/docs/public/globe.svg" />
    <File Path="src/frontend/apps/docs/public/next.svg" />
    <File Path="src/frontend/apps/docs/public/turborepo-dark.svg" />
    <File Path="src/frontend/apps/docs/public/turborepo-light.svg" />
    <File Path="src/frontend/apps/docs/public/vercel.svg" />
    <File Path="src/frontend/apps/docs/public/window.svg" />
    <File Path="src/frontend/apps/docs/README.md" />
    <File Path="src/frontend/apps/docs/tsconfig.json" />
    <File Path="src/frontend/apps/ui/.gitignore" />
    <File Path="src/frontend/apps/ui/.next/types/cache-life.d.ts" />
    <File Path="src/frontend/apps/ui/.next/types/routes.d.ts" />
    <File Path="src/frontend/apps/ui/.next/types/validator.ts" />
    <File Path="src/frontend/apps/ui/app/favicon.ico" />
    <File Path="src/frontend/apps/ui/app/globals.css" />
    <File Path="src/frontend/apps/ui/app/layout.tsx" />
    <File Path="src/frontend/apps/ui/app/page.tsx" />
    <File Path="src/frontend/apps/ui/eslint.config.mjs" />
    <File Path="src/frontend/apps/ui/next-env.d.ts" />
    <File Path="src/frontend/apps/ui/next.config.ts" />
    <File Path="src/frontend/apps/ui/node_modules/.bin/next.bunx" />
    <File Path="src/frontend/apps/ui/node_modules/.bin/next.exe" />
    <File Path="src/frontend/apps/ui/node_modules/@types/node/assert.d.ts" />
    <File Path="src/frontend/apps/ui/node_modules/@types/node/assert/strict.d.ts" />
    <File Path="src/frontend/apps/ui/node_modules/@types/node/async_hooks.d.ts" />
    <File Path="src/frontend/apps/ui/node_modules/@types/node/buffer.buffer.d.ts" />
    <File Path="src/frontend/apps/ui/node_modules/@types/node/buffer.d.ts" />
    <File Path="src/frontend/apps/ui/node_modules/@types/node/child_process.d.ts" />
    <File Path="src/frontend/apps/ui/node_modules/@types/node/cluster.d.ts" />
    <File Path="src/frontend/apps/ui/node_modules/@types/node/compatibility/disposable.d.ts" />
    <File Path="src/frontend/apps/ui/node_modules/@types/node/compatibility/index.d.ts" />
    <File Path="src/frontend/apps/ui/node_modules/@types/node/compatibility/indexable.d.ts" />
    <File Path="src/frontend/apps/ui/node_modules/@types/node/compatibility/iterators.d.ts" />
    <File Path="src/frontend/apps/ui/node_modules/@types/node/console.d.ts" />
    <File Path="src/frontend/apps/ui/node_modules/@types/node/constants.d.ts" />
    <File Path="src/frontend/apps/ui/node_modules/@types/node/crypto.d.ts" />
    <File Path="src/frontend/apps/ui/node_modules/@types/node/dgram.d.ts" />
    <File Path="src/frontend/apps/ui/node_modules/@types/node/diagnostics_channel.d.ts" />
    <File Path="src/frontend/apps/ui/node_modules/@types/node/dns.d.ts" />
    <File Path="src/frontend/apps/ui/node_modules/@types/node/dns/promises.d.ts" />
    <File Path="src/frontend/apps/ui/node_modules/@types/node/domain.d.ts" />
    <File Path="src/frontend/apps/ui/node_modules/@types/node/events.d.ts" />
    <File Path="src/frontend/apps/ui/node_modules/@types/node/fs.d.ts" />
    <File Path="src/frontend/apps/ui/node_modules/@types/node/fs/promises.d.ts" />
    <File Path="src/frontend/apps/ui/node_modules/@types/node/globals.d.ts" />
    <File Path="src/frontend/apps/ui/node_modules/@types/node/globals.typedarray.d.ts" />
    <File Path="src/frontend/apps/ui/node_modules/@types/node/http.d.ts" />
    <File Path="src/frontend/apps/ui/node_modules/@types/node/http2.d.ts" />
    <File Path="src/frontend/apps/ui/node_modules/@types/node/https.d.ts" />
    <File Path="src/frontend/apps/ui/node_modules/@types/node/index.d.ts" />
    <File Path="src/frontend/apps/ui/node_modules/@types/node/inspector.generated.d.ts" />
    <File Path="src/frontend/apps/ui/node_modules/@types/node/LICENSE" />
    <File Path="src/frontend/apps/ui/node_modules/@types/node/module.d.ts" />
    <File Path="src/frontend/apps/ui/node_modules/@types/node/net.d.ts" />
    <File Path="src/frontend/apps/ui/node_modules/@types/node/os.d.ts" />
    <File Path="src/frontend/apps/ui/node_modules/@types/node/package.json" />
    <File Path="src/frontend/apps/ui/node_modules/@types/node/path.d.ts" />
    <File Path="src/frontend/apps/ui/node_modules/@types/node/perf_hooks.d.ts" />
    <File Path="src/frontend/apps/ui/node_modules/@types/node/process.d.ts" />
    <File Path="src/frontend/apps/ui/node_modules/@types/node/punycode.d.ts" />
    <File Path="src/frontend/apps/ui/node_modules/@types/node/querystring.d.ts" />
    <File Path="src/frontend/apps/ui/node_modules/@types/node/readline.d.ts" />
    <File Path="src/frontend/apps/ui/node_modules/@types/node/readline/promises.d.ts" />
    <File Path="src/frontend/apps/ui/node_modules/@types/node/README.md" />
    <File Path="src/frontend/apps/ui/node_modules/@types/node/repl.d.ts" />
    <File Path="src/frontend/apps/ui/node_modules/@types/node/sea.d.ts" />
    <File Path="src/frontend/apps/ui/node_modules/@types/node/stream.d.ts" />
    <File Path="src/frontend/apps/ui/node_modules/@types/node/stream/consumers.d.ts" />
    <File Path="src/frontend/apps/ui/node_modules/@types/node/stream/promises.d.ts" />
    <File Path="src/frontend/apps/ui/node_modules/@types/node/stream/web.d.ts" />
    <File Path="src/frontend/apps/ui/node_modules/@types/node/string_decoder.d.ts" />
    <File Path="src/frontend/apps/ui/node_modules/@types/node/test.d.ts" />
    <File Path="src/frontend/apps/ui/node_modules/@types/node/timers.d.ts" />
    <File Path="src/frontend/apps/ui/node_modules/@types/node/timers/promises.d.ts" />
    <File Path="src/frontend/apps/ui/node_modules/@types/node/tls.d.ts" />
    <File Path="src/frontend/apps/ui/node_modules/@types/node/trace_events.d.ts" />
    <File Path="src/frontend/apps/ui/node_modules/@types/node/ts5.6/buffer.buffer.d.ts" />
    <File Path="src/frontend/apps/ui/node_modules/@types/node/ts5.6/globals.typedarray.d.ts" />
    <File Path="src/frontend/apps/ui/node_modules/@types/node/ts5.6/index.d.ts" />
    <File Path="src/frontend/apps/ui/node_modules/@types/node/tty.d.ts" />
    <File Path="src/frontend/apps/ui/node_modules/@types/node/url.d.ts" />
    <File Path="src/frontend/apps/ui/node_modules/@types/node/util.d.ts" />
    <File Path="src/frontend/apps/ui/node_modules/@types/node/v8.d.ts" />
    <File Path="src/frontend/apps/ui/node_modules/@types/node/vm.d.ts" />
    <File Path="src/frontend/apps/ui/node_modules/@types/node/wasi.d.ts" />
    <File Path="src/frontend/apps/ui/node_modules/@types/node/web-globals/abortcontroller.d.ts" />
    <File Path="src/frontend/apps/ui/node_modules/@types/node/web-globals/domexception.d.ts" />
    <File Path="src/frontend/apps/ui/node_modules/@types/node/web-globals/events.d.ts" />
    <File Path="src/frontend/apps/ui/node_modules/@types/node/web-globals/fetch.d.ts" />
    <File Path="src/frontend/apps/ui/node_modules/@types/node/worker_threads.d.ts" />
    <File Path="src/frontend/apps/ui/node_modules/@types/node/zlib.d.ts" />
    <File Path="src/frontend/apps/ui/node_modules/next/app.d.ts" />
    <File Path="src/frontend/apps/ui/node_modules/next/app.js" />
    <File Path="src/frontend/apps/ui/node_modules/next/babel.d.ts" />
    <File Path="src/frontend/apps/ui/node_modules/next/babel.js" />
    <File Path="src/frontend/apps/ui/node_modules/next/cache.d.ts" />
    <File Path="src/frontend/apps/ui/node_modules/next/cache.js" />
    <File Path="src/frontend/apps/ui/node_modules/next/client.d.ts" />
    <File Path="src/frontend/apps/ui/node_modules/next/client.js" />
    <File Path="src/frontend/apps/ui/node_modules/next/compat/router.d.ts" />
    <File Path="src/frontend/apps/ui/node_modules/next/compat/router.js" />
    <File Path="src/frontend/apps/ui/node_modules/next/constants.d.ts" />
    <File Path="src/frontend/apps/ui/node_modules/next/constants.js" />
    <File Path="src/frontend/apps/ui/node_modules/next/dist/api/app-dynamic.d.ts" />
    <File Path="src/frontend/apps/ui/node_modules/next/dist/api/app-dynamic.js" />
    <File Path="src/frontend/apps/ui/node_modules/next/dist/api/app-dynamic.js.map" />
    <File Path="src/frontend/apps/ui/node_modules/next/dist/api/app.d.ts" />
    <File Path="src/frontend/apps/ui/node_modules/next/dist/api/app.js" />
    <File Path="src/frontend/apps/ui/node_modules/next/dist/api/app.js.map" />
    <File Path="src/frontend/apps/ui/node_modules/next/dist/api/constants.d.ts" />
    <File Path="src/frontend/apps/ui/node_modules/next/dist/api/constants.js" />
    <File Path="src/frontend/apps/ui/node_modules/next/dist/api/constants.js.map" />
    <File Path="src/frontend/apps/ui/node_modules/next/dist/api/document.d.ts" />
    <File Path="src/frontend/apps/ui/node_modules/next/dist/api/document.js" />
    <File Path="src/frontend/apps/ui/node_modules/next/dist/api/document.js.map" />
    <File Path="src/frontend/apps/ui/node_modules/next/dist/api/dynamic.d.ts" />
    <File Path="src/frontend/apps/ui/node_modules/next/dist/api/dynamic.js" />
    <File Path="src/frontend/apps/ui/node_modules/next/dist/api/dynamic.js.map" />
    <File Path="src/frontend/apps/ui/node_modules/next/dist/api/form.d.ts" />
    <File Path="src/frontend/apps/ui/node_modules/next/dist/api/form.js" />
    <File Path="src/frontend/apps/ui/node_modules/next/dist/api/form.js.map" />
    <File Path="src/frontend/apps/ui/node_modules/next/dist/api/head.d.ts" />
    <File Path="src/frontend/apps/ui/node_modules/next/dist/api/head.js" />
    <File Path="src/frontend/apps/ui/node_modules/next/dist/api/head.js.map" />
    <File Path="src/frontend/apps/ui/node_modules/next/dist/api/headers.d.ts" />
    <File Path="src/frontend/apps/ui/node_modules/next/dist/api/headers.js" />
    <File Path="src/frontend/apps/ui/node_modules/next/dist/api/headers.js.map" />
    <File Path="src/frontend/apps/ui/node_modules/next/dist/api/image.d.ts" />
    <File Path="src/frontend/apps/ui/node_modules/next/dist/api/image.js" />
    <File Path="src/frontend/apps/ui/node_modules/next/dist/api/image.js.map" />
    <File Path="src/frontend/apps/ui/node_modules/next/dist/api/link.d.ts" />
    <File Path="src/frontend/apps/ui/node_modules/next/dist/api/link.js" />
    <File Path="src/frontend/apps/ui/node_modules/next/dist/api/link.js.map" />
    <File Path="src/frontend/apps/ui/node_modules/next/dist/api/navigation.d.ts" />
    <File Path="src/frontend/apps/ui/node_modules/next/dist/api/navigation.js" />
    <File Path="src/frontend/apps/ui/node_modules/next/dist/api/navigation.js.map" />
    <File Path="src/frontend/apps/ui/node_modules/next/dist/api/navigation.react-server.d.ts" />
    <File Path="src/frontend/apps/ui/node_modules/next/dist/api/navigation.react-server.js" />
    <File Path="src/frontend/apps/ui/node_modules/next/dist/api/navigation.react-server.js.map" />
    <File Path="src/frontend/apps/ui/node_modules/next/dist/api/og.d.ts" />
    <File Path="src/frontend/apps/ui/node_modules/next/dist/api/og.js" />
    <File Path="src/frontend/apps/ui/node_modules/next/dist/api/og.js.map" />
    <File Path="src/frontend/apps/ui/node_modules/next/dist/api/router.d.ts" />
    <File Path="src/frontend/apps/ui/node_modules/next/dist/api/router.js" />
    <File Path="src/frontend/apps/ui/node_modules/next/dist/api/router.js.map" />
    <File Path="src/frontend/apps/ui/node_modules/next/dist/api/script.d.ts" />
    <File Path="src/frontend/apps/ui/node_modules/next/dist/api/script.js" />
    <File Path="src/frontend/apps/ui/node_modules/next/dist/api/script.js.map" />
    <File Path="src/frontend/apps/ui/node_modules/next/dist/api/server.d.ts" />
    <File Path="src/frontend/apps/ui/node_modules/next/dist/api/server.js" />
    <File Path="src/frontend/apps/ui/node_modules/next/dist/api/server.js.map" />
    <File Path="src/frontend/apps/ui/node_modules/next/dist/bin/next" />
    <File Path="src/frontend/apps/ui/node_modules/next/dist/bin/next.d.ts" />
    <File Path="src/frontend/apps/ui/node_modules/next/dist/bin/next.map" />
    <File Path="src/frontend/apps/ui/node_modules/next/dist/build/adapter/build-complete.d.ts" />
    <File Path="src/frontend/apps/ui/node_modules/next/dist/build/adapter/build-complete.js" />
    <File Path="src/frontend/apps/ui/node_modules/next/dist/build/adapter/build-complete.js.map" />
    <File Path="src/frontend/apps/ui/node_modules/next/dist/build/after-production-compile.d.ts" />
    <File Path="src/frontend/apps/ui/node_modules/next/dist/build/after-production-compile.js" />
    <File Path="src/frontend/apps/ui/node_modules/next/dist/build/after-production-compile.js.map" />
    <File Path="src/frontend/apps/ui/node_modules/next/dist/build/analysis/extract-const-value.d.ts" />
    <File Path="src/frontend/apps/ui/node_modules/next/dist/build/analysis/extract-const-value.js" />
    <File Path="src/frontend/apps/ui/node_modules/next/dist/build/analysis/extract-const-value.js.map" />
    <File Path="src/frontend/apps/ui/node_modules/next/dist/build/analysis/get-page-static-info.d.ts" />
    <File Path="src/frontend/apps/ui/node_modules/next/dist/build/analysis/get-page-static-info.js" />
    <File Path="src/frontend/apps/ui/node_modules/next/dist/build/analysis/get-page-static-info.js.map" />
    <File Path="src/frontend/apps/ui/node_modules/next/dist/build/analysis/parse-module.d.ts" />
    <File Path="src/frontend/apps/ui/node_modules/next/dist/build/analysis/parse-module.js" />
    <File Path="src/frontend/apps/ui/node_modules/next/dist/build/analysis/parse-module.js.map" />
    <File Path="src/frontend/apps/ui/node_modules/next/dist/build/analyze/index.d.ts" />
    <File Path="src/frontend/apps/ui/node_modules/next/dist/build/analyze/index.js" />
    <File Path="src/frontend/apps/ui/node_modules/next/dist/build/analyze/index.js.map" />
    <File Path="src/frontend/apps/ui/node_modules/next/dist/build/babel/loader/get-config.d.ts" />
    <File Path="src/frontend/apps/ui/node_modules/next/dist/build/babel/loader/get-config.js" />
    <File Path="src/frontend/apps/ui/node_modules/next/dist/build/babel/loader/get-config.js.map" />
    <File Path="src/frontend/apps/ui/node_modules/next/dist/build/babel/loader/index.d.ts" />
    <File Path="src/frontend/apps/ui/node_modules/next/dist/build/babel/loader/index.js" />
    <File Path="src/frontend/apps/ui/node_modules/next/dist/build/babel/loader/index.js.map" />
    <File Path="src/frontend/apps/ui/node_modules/next/dist/build/babel/loader/transform.d.ts" />
    <File Path="src/frontend/apps/ui/node_modules/next/dist/build/babel/loader/transform.js" />
    <File Path="src/frontend/apps/ui/node_modules/next/dist/build/babel/loader/transform.js.map" />
    <File Path="src/frontend/apps/ui/node_modules/next/dist/build/babel/loader/types.d.ts" />
    <File Path="src/frontend/apps/ui/node_modules/next/dist/build/babel/loader/util.d.ts" />
    <File Path="src/frontend/apps/ui/node_modules/next/dist/build/babel/loader/util.js" />
    <File Path="src/frontend/apps/ui/node_modules/next/dist/build/babel/loader/util.js.map" />
    <File Path="src/frontend/apps/ui/node_modules/next/dist/build/babel/plugins/commonjs.d.ts" />
    <File Path="src/frontend/apps/ui/node_modules/next/dist/build/babel/plugins/commonjs.js" />
    <File Path="src/frontend/apps/ui/node_modules/next/dist/build/babel/plugins/commonjs.js.map" />
    <File Path="src/frontend/apps/ui/node_modules/next/dist/build/babel/plugins/jsx-pragma.d.ts" />
    <File Path="src/frontend/apps/ui/node_modules/next/dist/build/babel/plugins/jsx-pragma.js" />
    <File Path="src/frontend/apps/ui/node_modules/next/dist/build/babel/plugins/jsx-pragma.js.map" />
    <File Path="src/frontend/apps/ui/node_modules/next/dist/build/babel/plugins/next-font-unsupported.d.ts" />
    <File Path="src/frontend/apps/ui/node_modules/next/dist/build/babel/plugins/next-font-unsupported.js" />
    <File Path="src/frontend/apps/ui/node_modules/next/dist/build/babel/plugins/next-font-unsupported.js.map" />
    <File Path="src/frontend/apps/ui/node_modules/next/dist/build/babel/plugins/next-page-config.d.ts" />
    <File Path="src/frontend/apps/ui/node_modules/next/dist/build/babel/plugins/next-page-config.js" />
    <File Path="src/frontend/apps/ui/node_modules/next/dist/build/babel/plugins/next-page-config.js.map" />
    <File Path="src/frontend/apps/ui/node_modules/next/dist/build/babel/plugins/next-page-disallow-re-export-all-exports.d.ts" />
    <File Path="src/frontend/apps/ui/node_modules/next/dist/build/babel/plugins/next-page-disallow-re-export-all-exports.js" />
    <File Path="src/frontend/apps/ui/node_modules/next/dist/build/babel/plugins/next-page-disallow-re-export-all-exports.js.map" />
    <File Path="src/frontend/apps/ui/node_modules/next/dist/build/babel/plugins/next-ssg-transform.d.ts" />
    <File Path="src/frontend/apps/ui/node_modules/next/dist/build/babel/plugins/next-ssg-transform.js" />
    <File Path="src/frontend/apps/ui/node_modules/next/dist/build/babel/plugins/next-ssg-transform.js.map" />
    <File Path="src/frontend/apps/ui/node_modules/next/dist/build/babel/plugins/optimize-hook-destructuring.d.ts" />
    <File Path="src/frontend/apps/ui/node_modules/next/dist/build/babel/plugins/optimize-hook-destructuring.js" />
    <File Path="src/frontend/apps/ui/node_modules/next/dist/build/babel/plugins/optimize-hook-destructuring.js.map" />
    <File Path="src/frontend/apps/ui/node_modules/next/dist/build/babel/plugins/react-loadable-plugin.d.ts" />
    <File Path="src/frontend/apps/ui/node_modules/next/dist/build/babel/plugins/react-loadable-plugin.js" />
    <File Path="src/frontend/apps/ui/node_modules/next/dist/build/babel/plugins/react-loadable-plugin.js.map" />
    <File Path="src/frontend/apps/ui/node_modules/next/dist/build/babel/preset.d.ts" />
    <File Path="src/frontend/apps/ui/node_modules/next/dist/build/babel/preset.js" />
    <File Path="src/frontend/apps/ui/node_modules/next/dist/build/babel/preset.js.map" />
    <File Path="src/frontend/apps/ui/node_modules/next/dist/build/build-context.d.ts" />
    <File Path="src/frontend/apps/ui/node_modules/next/dist/build/build-context.js" />
    <File Path="src/frontend/apps/ui/node_modules/next/dist/build/build-context.js.map" />
    <File Path="src/frontend/apps/ui/node_modules/next/dist/build/collect-build-traces.d.ts" />
    <File Path="src/frontend/apps/ui/node_modules/next/dist/build/collect-build-traces.js" />
    <File Path="src/frontend/apps/ui/node_modules/next/dist/build/collect-build-traces.js.map" />
    <File Path="src/frontend/apps/ui/node_modules/next/dist/build/compiler.d.ts" />
    <File Path="src/frontend/apps/ui/node_modules/next/dist/build/compiler.js" />
    <File Path="src/frontend/apps/ui/node_modules/next/dist/build/compiler.js.map" />
    <File Path="src/frontend/apps/ui/node_modules/next/dist/build/create-compiler-aliases.d.ts" />
    <File Path="src/frontend/apps/ui/node_modules/next/dist/build/create-compiler-aliases.js" />
    <File Path="src/frontend/apps/ui/node_modules/next/dist/build/create-compiler-aliases.js.map" />
    <File Path="src/frontend/apps/ui/node_modules/next/dist/build/define-env.d.ts" />
    <File Path="src/frontend/apps/ui/node_modules/next/dist/build/define-env.js" />
    <File Path="src/frontend/apps/ui/node_modules/next/dist/build/define-env.js.map" />
    <File Path="src/frontend/apps/ui/node_modules/next/dist/build/duration-to-string.d.ts" />
    <File Path="src/frontend/apps/ui/node_modules/next/dist/build/duration-to-string.js" />
    <File Path="src/frontend/apps/ui/node_modules/next/dist/build/duration-to-string.js.map" />
    <File Path="src/frontend/apps/ui/node_modules/next/dist/build/entries.d.ts" />
    <File Path="src/frontend/apps/ui/node_modules/next/dist/build/entries.js" />
    <File Path="src/frontend/apps/ui/node_modules/next/dist/build/entries.js.map" />
    <File Path="src/frontend/apps/ui/node_modules/next/dist/build/generate-build-id.d.ts" />
    <File Path="src/frontend/apps/ui/node_modules/next/dist/build/generate-build-id.js" />
    <File Path="src/frontend/apps/ui/node_modules/next/dist/build/generate-build-id.js.map" />
    <File Path="src/frontend/apps/ui/node_modules/next/dist/build/generate-routes-manifest.d.ts" />
    <File Path="src/frontend/apps/ui/node_modules/next/dist/build/generate-routes-manifest.js" />
    <File Path="src/frontend/apps/ui/node_modules/next/dist/build/generate-routes-manifest.js.map" />
    <File Path="src/frontend/apps/ui/node_modules/next/dist/build/get-babel-config-file.d.ts" />
    <File Path="src/frontend/apps/ui/node_modules/next/dist/build/get-babel-config-file.js" />
    <File Path="src/frontend/apps/ui/node_modules/next/dist/build/get-babel-config-file.js.map" />
    <File Path="src/frontend/apps/ui/node_modules/next/dist/build/get-babel-loader-config.d.ts" />
    <File Path="src/frontend/apps/ui/node_modules/next/dist/build/get-babel-loader-config.js" />
    <File Path="src/frontend/apps/ui/node_modules/next/dist/build/get-babel-loader-config.js.map" />
    <File Path="src/frontend/apps/ui/node_modules/next/dist/build/get-static-info-including-layouts.d.ts" />
    <File Path="src/frontend/apps/ui/node_modules/next/dist/build/get-static-info-including-layouts.js" />
    <File Path="src/frontend/apps/ui/node_modules/next/dist/build/get-static-info-including-layouts.js.map" />
    <File Path="src/frontend/apps/ui/node_modules/next/dist/build/handle-entrypoints.d.ts" />
    <File Path="src/frontend/apps/ui/node_modules/next/dist/build/handle-entrypoints.js" />
    <File Path="src/frontend/apps/ui/node_modules/next/dist/build/handle-entrypoints.js.map" />
    <File Path="src/frontend/apps/ui/node_modules/next/dist/build/handle-externals.d.ts" />
    <File Path="src/frontend/apps/ui/node_modules/next/dist/build/handle-externals.js" />
    <File Path="src/frontend/apps/ui/node_modules/next/dist/build/handle-externals.js.map" />
    <File Path="src/frontend/apps/ui/node_modules/next/dist/build/index.d.ts" />
    <File Path="src/frontend/apps/ui/node_modules/next/dist/build/index.js" />
    <File Path="src/frontend/apps/ui/node_modules/next/dist/build/index.js.map" />
    <File Path="src/frontend/apps/ui/node_modules/next/dist/build/is-writeable.d.ts" />
    <File Path="src/frontend/apps/ui/node_modules/next/dist/build/is-writeable.js" />
    <File Path="src/frontend/apps/ui/node_modules/next/dist/build/is-writeable.js.map" />
    <File Path="src/frontend/apps/ui/node_modules/next/dist/build/jest/jest.d.ts" />
    <File Path="src/frontend/apps/ui/node_modules/next/dist/build/jest/jest.js" />
    <File Path="src/frontend/apps/ui/node_modules/next/dist/build/jest/jest.js.map" />
    <File Path="src/frontend/apps/ui/node_modules/next/dist/build/jest/object-proxy.d.ts" />
    <File Path="src/frontend/apps/ui/node_modules/next/dist/build/jest/object-proxy.js" />
    <File Path="src/frontend/apps/ui/node_modules/next/dist/build/jest/object-proxy.js.map" />
    <File Path="src/frontend/apps/ui/node_modules/next/dist/build/jest/__mocks__/empty.d.ts" />
    <File Path="src/frontend/apps/ui/node_modules/next/dist/build/jest/__mocks__/empty.js" />
    <File Path="src/frontend/apps/ui/node_modules/next/dist/build/jest/__mocks__/empty.js.map" />
    <File Path="src/frontend/apps/ui/node_modules/next/dist/build/jest/__mocks__/fileMock.d.ts" />
    <File Path="src/frontend/apps/ui/node_modules/next/dist/build/jest/__mocks__/fileMock.js" />
    <File Path="src/frontend/apps/ui/node_modules/next/dist/build/jest/__mocks__/fileMock.js.map" />
    <File Path="src/frontend/apps/ui/node_modules/next/dist/build/jest/__mocks__/nextFontMock.d.ts" />
    <File Path="src/frontend/apps/ui/node_modules/next/dist/build/jest/__mocks__/nextFontMock.js" />
    <File Path="src/frontend/apps/ui/node_modules/next/dist/build/jest/__mocks__/nextFontMock.js.map" />
    <File Path="src/frontend/apps/ui/node_modules/next/dist/build/jest/__mocks__/styleMock.d.ts" />
    <File Path="src/frontend/apps/ui/node_modules/next/dist/build/jest/__mocks__/styleMock.js" />
    <File Path="src/frontend/apps/ui/node_modules/next/dist/build/jest/__mocks__/styleMock.js.map" />
    <File Path="src/frontend/apps/ui/node_modules/next/dist/build/load-entrypoint.d.ts" />
    <File Path="src/frontend/apps/ui/node_modules/next/dist/build/load-entrypoint.js" />
    <File Path="src/frontend/apps/ui/node_modules/next/dist/build/load-entrypoint.js.map" />
    <File Path="src/frontend/apps/ui/node_modules/next/dist/build/load-jsconfig.d.ts" />
    <File Path="src/frontend/apps/ui/node_modules/next/dist/build/load-jsconfig.js" />
    <File Path="src/frontend/apps/ui/node_modules/next/dist/build/load-jsconfig.js.map" />
    <File Path="src/frontend/apps/ui/node_modules/next/dist/build/lockfile.d.ts" />
    <File Path="src/frontend/apps/ui/node_modules/next/dist/build/lockfile.js" />
    <File Path="src/frontend/apps/ui/node_modules/next/dist/build/lockfile.js.map" />
    <File Path="src/frontend/apps/ui/node_modules/next/dist/build/manifests/formatter/format-manifest.d.ts" />
    <File Path="src/frontend/apps/ui/node_modules/next/dist/build/manifests/formatter/format-manifest.js" />
    <File Path="src/frontend/apps/ui/node_modules/next/dist/build/manifests/formatter/format-manifest.js.map" />
    <File Path="src/frontend/apps/ui/node_modules/next/dist/build/next-config-ts/require-hook.d.ts" />
    <File Path="src/frontend/apps/ui/node_modules/next/dist/build/next-config-ts/require-hook.js" />
    <File Path="src/frontend/apps/ui/node_modules/next/dist/build/next-config-ts/require-hook.js.map" />
    <File Path="src/frontend/apps/ui/node_modules/next/dist/build/next-config-ts/transpile-config.d.ts" />
    <File Path="src/frontend/apps/ui/node_modules/next/dist/build/next-config-ts/transpile-config.js" />
    <File Path="src/frontend/apps/ui/node_modules/next/dist/build/next-config-ts/transpile-config.js.map" />
    <File Path="src/frontend/apps/ui/node_modules/next/dist/build/next-dir-paths.d.ts" />
    <File Path="src/frontend/apps/ui/node_modules/next/dist/build/next-dir-paths.js" />
    <File Path="src/frontend/apps/ui/node_modules/next/dist/build/next-dir-paths.js.map" />
    <File Path="src/frontend/apps/ui/node_modules/next/dist/build/normalize-catchall-routes.d.ts" />
    <File Path="src/frontend/apps/ui/node_modules/next/dist/build/normalize-catchall-routes.js" />
    <File Path="src/frontend/apps/ui/node_modules/next/dist/build/normalize-catchall-routes.js.map" />
    <File Path="src/frontend/apps/ui/node_modules/next/dist/build/output/format.d.ts" />
    <File Path="src/frontend/apps/ui/node_modules/next/dist/build/output/format.js" />
    <File Path="src/frontend/apps/ui/node_modules/next/dist/build/output/format.js.map" />
    <File Path="src/frontend/apps/ui/node_modules/next/dist/build/output/index.d.ts" />
    <File Path="src/frontend/apps/ui/node_modules/next/dist/build/output/index.js" />
    <File Path="src/frontend/apps/ui/node_modules/next/dist/build/output/index.js.map" />
    <File Path="src/frontend/apps/ui/node_modules/next/dist/build/output/log.d.ts" />
    <File Path="src/frontend/apps/ui/node_modules/next/dist/build/output/log.js" />
    <File Path="src/frontend/apps/ui/node_modules/next/dist/build/output/log.js.map" />
    <File Path="src/frontend/apps/ui/node_modules/next/dist/build/output/store.d.ts" />
    <File Path="src/frontend/apps/ui/node_modules/next/dist/build/output/store.js" />
    <File Path="src/frontend/apps/ui/node_modules/next/dist/build/output/store.js.map" />
    <File Path="src/frontend/apps/ui/node_modules/next/dist/build/page-extensions-type.d.ts" />
    <File Path="src/frontend/apps/ui/node_modules/next/dist/build/page-extensions-type.js" />
    <File Path="src/frontend/apps/ui/node_modules/next/dist/build/page-extensions-type.js.map" />
    <File Path="src/frontend/apps/ui/node_modules/next/dist/build/polyfills/fetch/index.d.ts" />
    <File Path="src/frontend/apps/ui/node_modules/next/dist/build/polyfills/fetch/index.js" />
    <File Path="src/frontend/apps/ui/node_modules/next/dist/build/polyfills/fetch/index.js.map" />
    <File Path="src/frontend/apps/ui/node_modules/next/dist/build/polyfills/fetch/whatwg-fetch.d.ts" />
    <File Path="src/frontend/apps/ui/node_modules/next/dist/build/polyfills/fetch/whatwg-fetch.js" />
    <File Path="src/frontend/apps/ui/node_modules/next/dist/build/polyfills/fetch/whatwg-fetch.js.map" />
    <File Path="src/frontend/apps/ui/node_modules/next/dist/build/polyfills/object-assign.d.ts" />
    <File Path="src/frontend/apps/ui/node_modules/next/dist/build/polyfills/object-assign.js" />
    <File Path="src/frontend/apps/ui/node_modules/next/dist/build/polyfills/object-assign.js.map" />
    <File Path="src/frontend/apps/ui/node_modules/next/dist/build/polyfills/object.assign/auto.d.ts" />
    <File Path="src/frontend/apps/ui/node_modules/next/dist/build/polyfills/object.assign/auto.js" />
    <File Path="src/frontend/apps/ui/node_modules/next/dist/build/polyfills/object.assign/auto.js.map" />
    <File Path="src/frontend/apps/ui/node_modules/next/dist/build/polyfills/object.assign/implementation.d.ts" />
    <File Path="src/frontend/apps/ui/node_modules/next/dist/build/polyfills/object.assign/implementation.js" />
    <File Path="src/frontend/apps/ui/node_modules/next/dist/build/polyfills/object.assign/implementation.js.map" />
    <File Path="src/frontend/apps/ui/node_modules/next/dist/build/polyfills/object.assign/index.d.ts" />
    <File Path="src/frontend/apps/ui/node_modules/next/dist/build/polyfills/object.assign/index.js" />
    <File Path="src/frontend/apps/ui/node_modules/next/dist/build/polyfills/object.assign/index.js.map" />
    <File Path="src/frontend/apps/ui/node_modules/next/dist/build/polyfills/object.assign/polyfill.d.ts" />
    <File Path="src/frontend/apps/ui/node_modules/next/dist/build/polyfills/object.assign/polyfill.js" />
    <File Path="src/frontend/apps/ui/node_modules/next/dist/build/polyfills/object.assign/polyfill.js.map" />
    <File Path="src/frontend/apps/ui/node_modules/next/dist/build/polyfills/object.assign/shim.d.ts" />
    <File Path="src/frontend/apps/ui/node_modules/next/dist/build/polyfills/object.assign/shim.js" />
    <File Path="src/frontend/apps/ui/node_modules/next/dist/build/polyfills/object.assign/shim.js.map" />
    <File Path="src/frontend/apps/ui/node_modules/next/dist/build/polyfills/polyfill-module.js" />
    <File Path="src/frontend/apps/ui/node_modules/next/dist/build/polyfills/polyfill-nomodule.js" />
    <File Path="src/frontend/apps/ui/node_modules/next/dist/build/polyfills/process.d.ts" />
    <File Path="src/frontend/apps/ui/node_modules/next/dist/build/polyfills/process.js" />
    <File Path="src/frontend/apps/ui/node_modules/next/dist/build/polyfills/process.js.map" />
    <File Path="src/frontend/apps/ui/node_modules/next/dist/build/preview-key-utils.d.ts" />
    <File Path="src/frontend/apps/ui/node_modules/next/dist/build/preview-key-utils.js" />
  </Folder>
  <Folder Name="/Services/" />
  <Folder Name="/Services/Common/" />
  <Folder Name="/Services/Common/DataVault/">
    <Project Path="src/Services/DataVault/Edvantix.DataVault/Edvantix.DataVault.csproj" />
  </Folder>
  <Folder Name="/Services/Common/EntityHub/">
    <Project Path="src/Services/EntityHub/Edvantix.EntityHub.Worker/Edvantix.EntityHub.Worker.csproj" />
    <Project Path="src/Services/EntityHub/Edvantix.EntityHub/Edvantix.EntityHub.csproj" />
  </Folder>
  <Folder Name="/Services/Common/History/" />
  <Folder Name="/Services/Core/" />
  <Folder Name="/Services/Core/Company/">
    <Project Path="src/Services/Organization/Edvantix.Company/Edvantix.Company.csproj" />
  </Folder>
  <Folder Name="/Services/Core/Person/">
    <Project Path="src/Services/Person/Edvantix.Person/Edvantix.Person.csproj" />
  </Folder>
  <Folder Name="/Services/Core/System/">
    <Project Path="src/Services/System/Edvantix.System/Edvantix.System.csproj" />
  </Folder>
  <Folder Name="/Services/Educational/" />
  <Folder Name="/Services/Educational/Content/" />
  <Folder Name="/Services/Educational/Course/" />
  <Folder Name="/Services/Educational/Homework/" />
  <Folder Name="/Services/Educational/Progress/" />
  <Folder Name="/Services/Financial/" />
  <Folder Name="/Services/Financial/Invoice/" />
  <Folder Name="/Services/Financial/Payment/" />
  <Folder Name="/Services/Financial/Subscription/" />
  <Folder Name="/Services/Management/" />
  <Folder Name="/Services/Management/Attendance/" />
  <Folder Name="/Services/Management/Certificate/" />
  <Folder Name="/Services/Management/Rating/" />
  <Folder Name="/Services/Management/Schedule/" />
  <Folder Name="/Solution Items/">
    <File Path=".editorconfig" />
    <File Path=".gitignore" />
    <File Path="Directory.Build.props" />
    <File Path="Directory.Packages.props" />
    <File Path="edvantix.png" />
    <File Path="global.json" />
    <File Path="NuGet.config" />
    <File Path="Versions.props" />
  </Folder>
  <Folder Name="/Solution Items/.aspire/">
    <File Path=".aspire/settings.json" />
  </Folder>
  <Folder Name="/Solution Items/.config/">
    <File Path=".config/dotnet-tools.json" />
  </Folder>
</Solution>
